
Microsoft Visual Studio Solution File, Format Version 12.00
# Visual Studio Version 17
VisualStudioVersion = 17.11.35327.3
MinimumVisualStudioVersion = 10.0.40219.1
Project("{FAE04EC0-301F-11D3-BF4B-00C04F79EFBC}") = "APPR_TickTackChess_24SD_Finn", "APPR_TickTackChess_24SD_Finn\APPR_TickTackChess_24SD_Finn.csproj", "{A6955249-4134-4523-984A-65DB8FFD107B}"
EndProject
Global
	GlobalSection(SolutionConfigurationPlatforms) = preSolution
		Debug|Any CPU = Debug|Any CPU
		Release|Any CPU = Release|Any CPU
	EndGlobalSection
	GlobalSection(ProjectConfigurationPlatforms) = postSolution
		{A6955249-4134-4523-984A-65DB8FFD107B}.Debug|Any CPU.ActiveCfg = Debug|Any CPU
		{A6955249-4134-4523-984A-65DB8FFD107B}.Debug|Any CPU.Build.0 = Debug|Any CPU
		{A6955249-4134-4523-984A-65DB8FFD107B}.Release|Any CPU.ActiveCfg = Release|Any CPU
		{A6955249-4134-4523-984A-65DB8FFD107B}.Release|Any CPU.Build.0 = Release|Any CPU
	EndGlobalSection
	GlobalSection(SolutionProperties) = preSolution
		HideSolutionNode = FALSE
	EndGlobalSection
	GlobalSection(ExtensibilityGlobals) = postSolution
		SolutionGuid = {DE480EC6-5BE8-4FA5-B252-CB1C246D520B}
	EndGlobalSection
EndGlobal
